// !$*UTF8*$!
{
	archiveVersion = 1;
	classes = {
	};
	objectVersion = 51;
	objects = {

/* Begin PBXBuildFile section */
		4B3E01892473487200AFD041 /* SensorDetailsViewController.swift in Sources */ = {isa = PBXBuildFile; fileRef = 4B3E01882473487200AFD041 /* SensorDetailsViewController.swift */; };
		4B3E018B2473566E00AFD041 /* NetworkModel.swift in Sources */ = {isa = PBXBuildFile; fileRef = 4B3E018A2473566E00AFD041 /* NetworkModel.swift */; };
		4B3E018E2473E55800AFD041 /* Job.swift in Sources */ = {isa = PBXBuildFile; fileRef = 4B3E018D2473E55800AFD041 /* Job.swift */; };
		4B45957B24754254000E458B /* ImagesTableViewControllerTableViewCell.swift in Sources */ = {isa = PBXBuildFile; fileRef = 4B45957A24754254000E458B /* ImagesTableViewControllerTableViewCell.swift */; };
		4B6D09DE246603F600586F35 /* AppDelegate.swift in Sources */ = {isa = PBXBuildFile; fileRef = 4B6D09DD246603F600586F35 /* AppDelegate.swift */; };
		4B6D09E0246603F600586F35 /* SceneDelegate.swift in Sources */ = {isa = PBXBuildFile; fileRef = 4B6D09DF246603F600586F35 /* SceneDelegate.swift */; };
		4B6D09E2246603F600586F35 /* SettingsViewController.swift in Sources */ = {isa = PBXBuildFile; fileRef = 4B6D09E1246603F600586F35 /* SettingsViewController.swift */; };
		4B6D09E4246603F600586F35 /* DashboardViewController.swift in Sources */ = {isa = PBXBuildFile; fileRef = 4B6D09E3246603F600586F35 /* DashboardViewController.swift */; };
		4B6D09E7246603F600586F35 /* Main.storyboard in Resources */ = {isa = PBXBuildFile; fileRef = 4B6D09E5246603F600586F35 /* Main.storyboard */; };
		4B6D09E9246603F800586F35 /* Assets.xcassets in Resources */ = {isa = PBXBuildFile; fileRef = 4B6D09E8246603F800586F35 /* Assets.xcassets */; };
		4B6D09EC246603F800586F35 /* LaunchScreen.storyboard in Resources */ = {isa = PBXBuildFile; fileRef = 4B6D09EA246603F800586F35 /* LaunchScreen.storyboard */; };
		4B7AA8A8247D2D35007C9A32 /* PlanterControllerTableViewController.swift in Sources */ = {isa = PBXBuildFile; fileRef = 4B7AA8A7247D2D35007C9A32 /* PlanterControllerTableViewController.swift */; };
		4B7F3086246F31C400C2DBAA /* LoginViewController.swift in Sources */ = {isa = PBXBuildFile; fileRef = 4B7F3085246F31C400C2DBAA /* LoginViewController.swift */; };
		4B7F34CC2470716F00C2DBAA /* MainTabBarController.swift in Sources */ = {isa = PBXBuildFile; fileRef = 4B7F34CB2470716F00C2DBAA /* MainTabBarController.swift */; };
		4B7F34CE2470735E00C2DBAA /* DashBoardCollectionViewCell.swift in Sources */ = {isa = PBXBuildFile; fileRef = 4B7F34CD2470735E00C2DBAA /* DashBoardCollectionViewCell.swift */; };
		4B7F34D224708C0D00C2DBAA /* SensorsSettingTableViewController.swift in Sources */ = {isa = PBXBuildFile; fileRef = 4B7F34D124708C0D00C2DBAA /* SensorsSettingTableViewController.swift */; };
		4B9C8BB42472C2B100A69E3F /* SensorSettingTableViewCell.swift in Sources */ = {isa = PBXBuildFile; fileRef = 4B9C8BB32472C2B100A69E3F /* SensorSettingTableViewCell.swift */; };
		4B9C8BB62472D17700A69E3F /* ImagesTableViewController.swift in Sources */ = {isa = PBXBuildFile; fileRef = 4B9C8BB52472D17700A69E3F /* ImagesTableViewController.swift */; };
		7B53A209478BF20C6FBC0DA7 /* Pods_SmartPlanter.framework in Frameworks */ = {isa = PBXBuildFile; fileRef = 3C331ACD83E30A7033A7B017 /* Pods_SmartPlanter.framework */; };
/* End PBXBuildFile section */

/* Begin PBXFileReference section */
		3C331ACD83E30A7033A7B017 /* Pods_SmartPlanter.framework */ = {isa = PBXFileReference; explicitFileType = wrapper.framework; includeInIndex = 0; path = Pods_SmartPlanter.framework; sourceTree = BUILT_PRODUCTS_DIR; };
		4B3E01882473487200AFD041 /* SensorDetailsViewController.swift */ = {isa = PBXFileReference; lastKnownFileType = sourcecode.swift; path = SensorDetailsViewController.swift; sourceTree = "<group>"; };
		4B3E018A2473566E00AFD041 /* NetworkModel.swift */ = {isa = PBXFileReference; lastKnownFileType = sourcecode.swift; path = NetworkModel.swift; sourceTree = "<group>"; };
		4B3E018D2473E55800AFD041 /* Job.swift */ = {isa = PBXFileReference; lastKnownFileType = sourcecode.swift; path = Job.swift; sourceTree = "<group>"; };
		4B45957A24754254000E458B /* ImagesTableViewControllerTableViewCell.swift */ = {isa = PBXFileReference; lastKnownFileType = sourcecode.swift; path = ImagesTableViewControllerTableViewCell.swift; sourceTree = "<group>"; };
		4B6D09DA246603F600586F35 /* SmartPlanter.app */ = {isa = PBXFileReference; explicitFileType = wrapper.application; includeInIndex = 0; path = SmartPlanter.app; sourceTree = BUILT_PRODUCTS_DIR; };
		4B6D09DD246603F600586F35 /* AppDelegate.swift */ = {isa = PBXFileReference; lastKnownFileType = sourcecode.swift; path = AppDelegate.swift; sourceTree = "<group>"; };
		4B6D09DF246603F600586F35 /* SceneDelegate.swift */ = {isa = PBXFileReference; lastKnownFileType = sourcecode.swift; path = SceneDelegate.swift; sourceTree = "<group>"; };
		4B6D09E1246603F600586F35 /* SettingsViewController.swift */ = {isa = PBXFileReference; lastKnownFileType = sourcecode.swift; path = SettingsViewController.swift; sourceTree = "<group>"; };
		4B6D09E3246603F600586F35 /* DashboardViewController.swift */ = {isa = PBXFileReference; lastKnownFileType = sourcecode.swift; path = DashboardViewController.swift; sourceTree = "<group>"; };
		4B6D09E6246603F600586F35 /* Base */ = {isa = PBXFileReference; lastKnownFileType = file.storyboard; name = Base; path = Base.lproj/Main.storyboard; sourceTree = "<group>"; };
		4B6D09E8246603F800586F35 /* Assets.xcassets */ = {isa = PBXFileReference; lastKnownFileType = folder.assetcatalog; path = Assets.xcassets; sourceTree = "<group>"; };
		4B6D09EB246603F800586F35 /* Base */ = {isa = PBXFileReference; lastKnownFileType = file.storyboard; name = Base; path = Base.lproj/LaunchScreen.storyboard; sourceTree = "<group>"; };
		4B6D09ED246603F800586F35 /* Info.plist */ = {isa = PBXFileReference; lastKnownFileType = text.plist.xml; path = Info.plist; sourceTree = "<group>"; };
		4B7AA8A7247D2D35007C9A32 /* PlanterControllerTableViewController.swift */ = {isa = PBXFileReference; lastKnownFileType = sourcecode.swift; path = PlanterControllerTableViewController.swift; sourceTree = "<group>"; };
		4B7F3085246F31C400C2DBAA /* LoginViewController.swift */ = {isa = PBXFileReference; lastKnownFileType = sourcecode.swift; path = LoginViewController.swift; sourceTree = "<group>"; };
		4B7F34CB2470716F00C2DBAA /* MainTabBarController.swift */ = {isa = PBXFileReference; lastKnownFileType = sourcecode.swift; path = MainTabBarController.swift; sourceTree = "<group>"; };
		4B7F34CD2470735E00C2DBAA /* DashBoardCollectionViewCell.swift */ = {isa = PBXFileReference; lastKnownFileType = sourcecode.swift; path = DashBoardCollectionViewCell.swift; sourceTree = "<group>"; };
		4B7F34D124708C0D00C2DBAA /* SensorsSettingTableViewController.swift */ = {isa = PBXFileReference; lastKnownFileType = sourcecode.swift; path = SensorsSettingTableViewController.swift; sourceTree = "<group>"; };
		4B9C8BB32472C2B100A69E3F /* SensorSettingTableViewCell.swift */ = {isa = PBXFileReference; lastKnownFileType = sourcecode.swift; path = SensorSettingTableViewCell.swift; sourceTree = "<group>"; };
		4B9C8BB52472D17700A69E3F /* ImagesTableViewController.swift */ = {isa = PBXFileReference; lastKnownFileType = sourcecode.swift; path = ImagesTableViewController.swift; sourceTree = "<group>"; };
		71D17D0492A7C163A3775C6B /* Pods-SmartPlanter.release.xcconfig */ = {isa = PBXFileReference; includeInIndex = 1; lastKnownFileType = text.xcconfig; name = "Pods-SmartPlanter.release.xcconfig"; path = "Target Support Files/Pods-SmartPlanter/Pods-SmartPlanter.release.xcconfig"; sourceTree = "<group>"; };
		DD5F19B86D6CB6A6B6E7ED1A /* Pods-SmartPlanter.debug.xcconfig */ = {isa = PBXFileReference; includeInIndex = 1; lastKnownFileType = text.xcconfig; name = "Pods-SmartPlanter.debug.xcconfig"; path = "Target Support Files/Pods-SmartPlanter/Pods-SmartPlanter.debug.xcconfig"; sourceTree = "<group>"; };
/* End PBXFileReference section */

/* Begin PBXFrameworksBuildPhase section */
		4B6D09D7246603F500586F35 /* Frameworks */ = {
			isa = PBXFrameworksBuildPhase;
			buildActionMask = 2147483647;
			files = (
				7B53A209478BF20C6FBC0DA7 /* Pods_SmartPlanter.framework in Frameworks */,
			);
			runOnlyForDeploymentPostprocessing = 0;
		};
/* End PBXFrameworksBuildPhase section */

/* Begin PBXGroup section */
		23959F10B2AFEBFDA7378FFE /* Pods */ = {
			isa = PBXGroup;
			children = (
				DD5F19B86D6CB6A6B6E7ED1A /* Pods-SmartPlanter.debug.xcconfig */,
				71D17D0492A7C163A3775C6B /* Pods-SmartPlanter.release.xcconfig */,
			);
			path = Pods;
			sourceTree = "<group>";
		};
		4B3E018C2473E53F00AFD041 /* Model */ = {
			isa = PBXGroup;
			children = (
				4B3E018A2473566E00AFD041 /* NetworkModel.swift */,
				4B3E018D2473E55800AFD041 /* Job.swift */,
			);
			path = Model;
			sourceTree = "<group>";
		};
		4B6D09D1246603F500586F35 = {
			isa = PBXGroup;
			children = (
				4B6D09DC246603F600586F35 /* SmartPlanter */,
				4B6D09DB246603F600586F35 /* Products */,
				23959F10B2AFEBFDA7378FFE /* Pods */,
				B331A3E03B415FFFD9A7F095 /* Frameworks */,
			);
			sourceTree = "<group>";
		};
		4B6D09DB246603F600586F35 /* Products */ = {
			isa = PBXGroup;
			children = (
				4B6D09DA246603F600586F35 /* SmartPlanter.app */,
			);
			name = Products;
			sourceTree = "<group>";
		};
		4B6D09DC246603F600586F35 /* SmartPlanter */ = {
			isa = PBXGroup;
			children = (
				4B3E018C2473E53F00AFD041 /* Model */,
				4B6D09DD246603F600586F35 /* AppDelegate.swift */,
				4B6D09DF246603F600586F35 /* SceneDelegate.swift */,
				4B6D09E1246603F600586F35 /* SettingsViewController.swift */,
				4B6D09E3246603F600586F35 /* DashboardViewController.swift */,
				4B6D09E5246603F600586F35 /* Main.storyboard */,
				4B6D09E8246603F800586F35 /* Assets.xcassets */,
				4B6D09EA246603F800586F35 /* LaunchScreen.storyboard */,
				4B6D09ED246603F800586F35 /* Info.plist */,
				4B7F3085246F31C400C2DBAA /* LoginViewController.swift */,
				4B7F34CB2470716F00C2DBAA /* MainTabBarController.swift */,
				4B7F34CD2470735E00C2DBAA /* DashBoardCollectionViewCell.swift */,
				4B7F34D124708C0D00C2DBAA /* SensorsSettingTableViewController.swift */,
				4B9C8BB32472C2B100A69E3F /* SensorSettingTableViewCell.swift */,
				4B9C8BB52472D17700A69E3F /* ImagesTableViewController.swift */,
				4B3E01882473487200AFD041 /* SensorDetailsViewController.swift */,
				4B45957A24754254000E458B /* ImagesTableViewControllerTableViewCell.swift */,
				4B7AA8A7247D2D35007C9A32 /* PlanterControllerTableViewController.swift */,
			);
			path = SmartPlanter;
			sourceTree = "<group>";
		};
		B331A3E03B415FFFD9A7F095 /* Frameworks */ = {
			isa = PBXGroup;
			children = (
				3C331ACD83E30A7033A7B017 /* Pods_SmartPlanter.framework */,
			);
			name = Frameworks;
			sourceTree = "<group>";
		};
/* End PBXGroup section */

/* Begin PBXNativeTarget section */
		4B6D09D9246603F500586F35 /* SmartPlanter */ = {
			isa = PBXNativeTarget;
			buildConfigurationList = 4B6D09F0246603F800586F35 /* Build configuration list for PBXNativeTarget "SmartPlanter" */;
			buildPhases = (
				02DB9CF75FB85EB0A2440380 /* [CP] Check Pods Manifest.lock */,
				4B6D09D6246603F500586F35 /* Sources */,
				4B6D09D7246603F500586F35 /* Frameworks */,
				4B6D09D8246603F500586F35 /* Resources */,
				57C18531ED6A371F0566E3F6 /* [CP] Embed Pods Frameworks */,
			);
			buildRules = (
			);
			dependencies = (
			);
			name = SmartPlanter;
			productName = SmartPlanter;
			productReference = 4B6D09DA246603F600586F35 /* SmartPlanter.app */;
			productType = "com.apple.product-type.application";
		};
/* End PBXNativeTarget section */

/* Begin PBXProject section */
		4B6D09D2246603F500586F35 /* Project object */ = {
			isa = PBXProject;
			attributes = {
				LastSwiftUpdateCheck = 1140;
				LastUpgradeCheck = 1140;
				ORGANIZATIONNAME = Harri;
				TargetAttributes = {
					4B6D09D9246603F500586F35 = {
						CreatedOnToolsVersion = 11.4.1;
					};
				};
			};
			buildConfigurationList = 4B6D09D5246603F500586F35 /* Build configuration list for PBXProject "SmartPlanter" */;
			compatibilityVersion = "Xcode 9.3";
			developmentRegion = en;
			hasScannedForEncodings = 0;
			knownRegions = (
				en,
				Base,
			);
			mainGroup = 4B6D09D1246603F500586F35;
			productRefGroup = 4B6D09DB246603F600586F35 /* Products */;
			projectDirPath = "";
			projectRoot = "";
			targets = (
				4B6D09D9246603F500586F35 /* SmartPlanter */,
			);
		};
/* End PBXProject section */

/* Begin PBXResourcesBuildPhase section */
		4B6D09D8246603F500586F35 /* Resources */ = {
			isa = PBXResourcesBuildPhase;
			buildActionMask = 2147483647;
			files = (
				4B6D09EC246603F800586F35 /* LaunchScreen.storyboard in Resources */,
				4B6D09E9246603F800586F35 /* Assets.xcassets in Resources */,
				4B6D09E7246603F600586F35 /* Main.storyboard in Resources */,
			);
			runOnlyForDeploymentPostprocessing = 0;
		};
/* End PBXResourcesBuildPhase section */

/* Begin PBXShellScriptBuildPhase section */
		02DB9CF75FB85EB0A2440380 /* [CP] Check Pods Manifest.lock */ = {
			isa = PBXShellScriptBuildPhase;
			buildActionMask = 2147483647;
			files = (
			);
			inputFileListPaths = (
			);
			inputPaths = (
				"${PODS_PODFILE_DIR_PATH}/Podfile.lock",
				"${PODS_ROOT}/Manifest.lock",
			);
			name = "[CP] Check Pods Manifest.lock";
			outputFileListPaths = (
			);
			outputPaths = (
				"$(DERIVED_FILE_DIR)/Pods-SmartPlanter-checkManifestLockResult.txt",
			);
			runOnlyForDeploymentPostprocessing = 0;
			shellPath = /bin/sh;
			shellScript = "diff \"${PODS_PODFILE_DIR_PATH}/Podfile.lock\" \"${PODS_ROOT}/Manifest.lock\" > /dev/null\nif [ $? != 0 ] ; then\n    # print error to STDERR\n    echo \"error: The sandbox is not in sync with the Podfile.lock. Run 'pod install' or update your CocoaPods installation.\" >&2\n    exit 1\nfi\n# This output is used by Xcode 'outputs' to avoid re-running this script phase.\necho \"SUCCESS\" > \"${SCRIPT_OUTPUT_FILE_0}\"\n";
			showEnvVarsInLog = 0;
		};
		57C18531ED6A371F0566E3F6 /* [CP] Embed Pods Frameworks */ = {
			isa = PBXShellScriptBuildPhase;
			buildActionMask = 2147483647;
			files = (
			);
			inputFileListPaths = (
				"${PODS_ROOT}/Target Support Files/Pods-SmartPlanter/Pods-SmartPlanter-frameworks-${CONFIGURATION}-input-files.xcfilelist",
			);
			name = "[CP] Embed Pods Frameworks";
			outputFileListPaths = (
				"${PODS_ROOT}/Target Support Files/Pods-SmartPlanter/Pods-SmartPlanter-frameworks-${CONFIGURATION}-output-files.xcfilelist",
			);
			runOnlyForDeploymentPostprocessing = 0;
			shellPath = /bin/sh;
			shellScript = "\"${PODS_ROOT}/Target Support Files/Pods-SmartPlanter/Pods-SmartPlanter-frameworks.sh\"\n";
			showEnvVarsInLog = 0;
		};
/* End PBXShellScriptBuildPhase section */

/* Begin PBXSourcesBuildPhase section */
		4B6D09D6246603F500586F35 /* Sources */ = {
			isa = PBXSourcesBuildPhase;
			buildActionMask = 2147483647;
			files = (
				4B3E018B2473566E00AFD041 /* NetworkModel.swift in Sources */,
				4B6D09E4246603F600586F35 /* DashboardViewController.swift in Sources */,
				4B9C8BB62472D17700A69E3F /* ImagesTableViewController.swift in Sources */,
				4B45957B24754254000E458B /* ImagesTableViewControllerTableViewCell.swift in Sources */,
				4B6D09E2246603F600586F35 /* SettingsViewController.swift in Sources */,
				4B3E018E2473E55800AFD041 /* Job.swift in Sources */,
				4B7F34CC2470716F00C2DBAA /* MainTabBarController.swift in Sources */,
				4B6D09DE246603F600586F35 /* AppDelegate.swift in Sources */,
				4B9C8BB42472C2B100A69E3F /* SensorSettingTableViewCell.swift in Sources */,
				4B7F34D224708C0D00C2DBAA /* SensorsSettingTableViewController.swift in Sources */,
				4B7AA8A8247D2D35007C9A32 /* PlanterControllerTableViewController.swift in Sources */,
				4B7F3086246F31C400C2DBAA /* LoginViewController.swift in Sources */,
				4B3E01892473487200AFD041 /* SensorDetailsViewController.swift in Sources */,
				4B7F34CE2470735E00C2DBAA /* DashBoardCollectionViewCell.swift in Sources */,
				4B6D09E0246603F600586F35 /* SceneDelegate.swift in Sources */,
			);
			runOnlyForDeploymentPostprocessing = 0;
		};
/* End PBXSourcesBuildPhase section */

/* Begin PBXVariantGroup section */
		4B6D09E5246603F600586F35 /* Main.storyboard */ = {
			isa = PBXVariantGroup;
			children = (
				4B6D09E6246603F600586F35 /* Base */,
			);
			name = Main.storyboard;
			sourceTree = "<group>";
		};
		4B6D09EA246603F800586F35 /* LaunchScreen.storyboard */ = {
			isa = PBXVariantGroup;
			children = (
				4B6D09EB246603F800586F35 /* Base */,
			);
			name = LaunchScreen.storyboard;
			sourceTree = "<group>";
		};
/* End PBXVariantGroup section */

/* Begin XCBuildConfiguration section */
		4B6D09EE246603F800586F35 /* Debug */ = {
			isa = XCBuildConfiguration;
			buildSettings = {
				ALWAYS_SEARCH_USER_PATHS = NO;
				CLANG_ANALYZER_NONNULL = YES;
				CLANG_ANALYZER_NUMBER_OBJECT_CONVERSION = YES_AGGRESSIVE;
				CLANG_CXX_LANGUAGE_STANDARD = "gnu++14";
				CLANG_CXX_LIBRARY = "libc++";
				CLANG_ENABLE_MODULES = YES;
				CLANG_ENABLE_OBJC_ARC = YES;
				CLANG_ENABLE_OBJC_WEAK = YES;
				CLANG_WARN_BLOCK_CAPTURE_AUTORELEASING = YES;
				CLANG_WARN_BOOL_CONVERSION = YES;
				CLANG_WARN_COMMA = YES;
				CLANG_WARN_CONSTANT_CONVERSION = YES;
				CLANG_WARN_DEPRECATED_OBJC_IMPLEMENTATIONS = YES;
				CLANG_WARN_DIRECT_OBJC_ISA_USAGE = YES_ERROR;
				CLANG_WARN_DOCUMENTATION_COMMENTS = YES;
				CLANG_WARN_EMPTY_BODY = YES;
				CLANG_WARN_ENUM_CONVERSION = YES;
				CLANG_WARN_INFINITE_RECURSION = YES;
				CLANG_WARN_INT_CONVERSION = YES;
				CLANG_WARN_NON_LITERAL_NULL_CONVERSION = YES;
				CLANG_WARN_OBJC_IMPLICIT_RETAIN_SELF = YES;
				CLANG_WARN_OBJC_LITERAL_CONVERSION = YES;
				CLANG_WARN_OBJC_ROOT_CLASS = YES_ERROR;
				CLANG_WARN_RANGE_LOOP_ANALYSIS = YES;
				CLANG_WARN_STRICT_PROTOTYPES = YES;
				CLANG_WARN_SUSPICIOUS_MOVE = YES;
				CLANG_WARN_UNGUARDED_AVAILABILITY = YES_AGGRESSIVE;
				CLANG_WARN_UNREACHABLE_CODE = YES;
				CLANG_WARN__DUPLICATE_METHOD_MATCH = YES;
				COPY_PHASE_STRIP = NO;
				DEBUG_INFORMATION_FORMAT = dwarf;
				ENABLE_STRICT_OBJC_MSGSEND = YES;
				ENABLE_TESTABILITY = YES;
				GCC_C_LANGUAGE_STANDARD = gnu11;
				GCC_DYNAMIC_NO_PIC = NO;
				GCC_NO_COMMON_BLOCKS = YES;
				GCC_OPTIMIZATION_LEVEL = 0;
				GCC_PREPROCESSOR_DEFINITIONS = (
					"DEBUG=1",
					"$(inherited)",
				);
				GCC_WARN_64_TO_32_BIT_CONVERSION = YES;
				GCC_WARN_ABOUT_RETURN_TYPE = YES_ERROR;
				GCC_WARN_UNDECLARED_SELECTOR = YES;
				GCC_WARN_UNINITIALIZED_AUTOS = YES_AGGRESSIVE;
				GCC_WARN_UNUSED_FUNCTION = YES;
				GCC_WARN_UNUSED_VARIABLE = YES;
				IPHONEOS_DEPLOYMENT_TARGET = 13.4;
				MTL_ENABLE_DEBUG_INFO = INCLUDE_SOURCE;
				MTL_FAST_MATH = YES;
				ONLY_ACTIVE_ARCH = YES;
				SDKROOT = iphoneos;
				SWIFT_ACTIVE_COMPILATION_CONDITIONS = DEBUG;
				SWIFT_OPTIMIZATION_LEVEL = "-Onone";
			};
			name = Debug;
		};
		4B6D09EF246603F800586F35 /* Release */ = {
			isa = XCBuildConfiguration;
			buildSettings = {
				ALWAYS_SEARCH_USER_PATHS = NO;
				CLANG_ANALYZER_NONNULL = YES;
				CLANG_ANALYZER_NUMBER_OBJECT_CONVERSION = YES_AGGRESSIVE;
				CLANG_CXX_LANGUAGE_STANDARD = "gnu++14";
				CLANG_CXX_LIBRARY = "libc++";
				CLANG_ENABLE_MODULES = YES;
				CLANG_ENABLE_OBJC_ARC = YES;
				CLANG_ENABLE_OBJC_WEAK = YES;
				CLANG_WARN_BLOCK_CAPTURE_AUTORELEASING = YES;
				CLANG_WARN_BOOL_CONVERSION = YES;
				CLANG_WARN_COMMA = YES;
				CLANG_WARN_CONSTANT_CONVERSION = YES;
				CLANG_WARN_DEPRECATED_OBJC_IMPLEMENTATIONS = YES;
				CLANG_WARN_DIRECT_OBJC_ISA_USAGE = YES_ERROR;
				CLANG_WARN_DOCUMENTATION_COMMENTS = YES;
				CLANG_WARN_EMPTY_BODY = YES;
				CLANG_WARN_ENUM_CONVERSION = YES;
				CLANG_WARN_INFINITE_RECURSION = YES;
				CLANG_WARN_INT_CONVERSION = YES;
				CLANG_WARN_NON_LITERAL_NULL_CONVERSION = YES;
				CLANG_WARN_OBJC_IMPLICIT_RETAIN_SELF = YES;
				CLANG_WARN_OBJC_LITERAL_CONVERSION = YES;
				CLANG_WARN_OBJC_ROOT_CLASS = YES_ERROR;
				CLANG_WARN_RANGE_LOOP_ANALYSIS = YES;
				CLANG_WARN_STRICT_PROTOTYPES = YES;
				CLANG_WARN_SUSPICIOUS_MOVE = YES;
				CLANG_WARN_UNGUARDED_AVAILABILITY = YES_AGGRESSIVE;
				CLANG_WARN_UNREACHABLE_CODE = YES;
				CLANG_WARN__DUPLICATE_METHOD_MATCH = YES;
				COPY_PHASE_STRIP = NO;
				DEBUG_INFORMATION_FORMAT = "dwarf-with-dsym";
				ENABLE_NS_ASSERTIONS = NO;
				ENABLE_STRICT_OBJC_MSGSEND = YES;
				GCC_C_LANGUAGE_STANDARD = gnu11;
				GCC_NO_COMMON_BLOCKS = YES;
				GCC_WARN_64_TO_32_BIT_CONVERSION = YES;
				GCC_WARN_ABOUT_RETURN_TYPE = YES_ERROR;
				GCC_WARN_UNDECLARED_SELECTOR = YES;
				GCC_WARN_UNINITIALIZED_AUTOS = YES_AGGRESSIVE;
				GCC_WARN_UNUSED_FUNCTION = YES;
				GCC_WARN_UNUSED_VARIABLE = YES;
				IPHONEOS_DEPLOYMENT_TARGET = 13.4;
				MTL_ENABLE_DEBUG_INFO = NO;
				MTL_FAST_MATH = YES;
				SDKROOT = iphoneos;
				SWIFT_COMPILATION_MODE = wholemodule;
				SWIFT_OPTIMIZATION_LEVEL = "-O";
				VALIDATE_PRODUCT = YES;
			};
			name = Release;
		};
		4B6D09F1246603F800586F35 /* Debug */ = {
			isa = XCBuildConfiguration;
			baseConfigurationReference = DD5F19B86D6CB6A6B6E7ED1A /* Pods-SmartPlanter.debug.xcconfig */;
			buildSettings = {
				ASSETCATALOG_COMPILER_APPICON_NAME = AppIcon;
				CODE_SIGN_STYLE = Automatic;
				DEVELOPMENT_TEAM = 5S7V735958;
				INFOPLIST_FILE = SmartPlanter/Info.plist;
				LD_RUNPATH_SEARCH_PATHS = (
					"$(inherited)",
					"@executable_path/Frameworks",
				);
				PRODUCT_BUNDLE_IDENTIFIER = Harri.SmartPlanter;
				PRODUCT_NAME = "$(TARGET_NAME)";
				SWIFT_VERSION = 5.0;
				TARGETED_DEVICE_FAMILY = "1,2";
			};
			name = Debug;
		};
		4B6D09F2246603F800586F35 /* Release */ = {
			isa = XCBuildConfiguration;
			baseConfigurationReference = 71D17D0492A7C163A3775C6B /* Pods-SmartPlanter.release.xcconfig */;
			buildSettings = {
				ASSETCATALOG_COMPILER_APPICON_NAME = AppIcon;
				CODE_SIGN_STYLE = Automatic;
				DEVELOPMENT_TEAM = 5S7V735958;
				INFOPLIST_FILE = SmartPlanter/Info.plist;
				LD_RUNPATH_SEARCH_PATHS = (
					"$(inherited)",
					"@executable_path/Frameworks",
				);
				PRODUCT_BUNDLE_IDENTIFIER = Harri.SmartPlanter;
				PRODUCT_NAME = "$(TARGET_NAME)";
				SWIFT_VERSION = 5.0;
				TARGETED_DEVICE_FAMILY = "1,2";
			};
			name = Release;
		};
/* End XCBuildConfiguration section */

/* Begin XCConfigurationList section */
		4B6D09D5246603F500586F35 /* Build configuration list for PBXProject "SmartPlanter" */ = {
			isa = XCConfigurationList;
			buildConfigurations = (
				4B6D09EE246603F800586F35 /* Debug */,
				4B6D09EF246603F800586F35 /* Release */,
			);
			defaultConfigurationIsVisible = 0;
			defaultConfigurationName = Release;
		};
		4B6D09F0246603F800586F35 /* Build configuration list for PBXNativeTarget "SmartPlanter" */ = {
			isa = XCConfigurationList;
			buildConfigurations = (
				4B6D09F1246603F800586F35 /* Debug */,
				4B6D09F2246603F800586F35 /* Release */,
			);
			defaultConfigurationIsVisible = 0;
			defaultConfigurationName = Release;
		};
/* End XCConfigurationList section */
	};
	rootObject = 4B6D09D2246603F500586F35 /* Project object */;
}
